
Microsoft Visual Studio Solution File, Format Version 12.00
# Visual Studio Version 17
VisualStudioVersion = 17.3.32825.248
MinimumVisualStudioVersion = 10.0.40219.1
Project("{FAE04EC0-301F-11D3-BF4B-00C04F79EFBC}") = "Security_Panel", "Security_Panel\Security_Panel.csproj", "{508DB0B1-5FEA-4654-BD7F-762402C228FC}"
EndProject
Global
	GlobalSection(SolutionConfigurationPlatforms) = preSolution
		Debug|Any CPU = Debug|Any CPU
		Release|Any CPU = Release|Any CPU
	EndGlobalSection
	GlobalSection(ProjectConfigurationPlatforms) = postSolution
		{508DB0B1-5FEA-4654-BD7F-762402C228FC}.Debug|Any CPU.ActiveCfg = Debug|Any CPU
		{508DB0B1-5FEA-4654-BD7F-762402C228FC}.Debug|Any CPU.Build.0 = Debug|Any CPU
		{508DB0B1-5FEA-4654-BD7F-762402C228FC}.Release|Any CPU.ActiveCfg = Release|Any CPU
		{508DB0B1-5FEA-4654-BD7F-762402C228FC}.Release|Any CPU.Build.0 = Release|Any CPU
	EndGlobalSection
	GlobalSection(SolutionProperties) = preSolution
		HideSolutionNode = FALSE
	EndGlobalSection
	GlobalSection(ExtensibilityGlobals) = postSolution
		SolutionGuid = {C8043D45-F949-4357-A87E-A451E15FC71E}
	EndGlobalSection
EndGlobal
